// !$*UTF8*$!
{
	archiveVersion = 1;
	classes = {
	};
	objectVersion = 50;
	objects = {

/* Begin PBXBuildFile section */
		C440A2A7211F46C80024ADFF /* AppDelegate.swift in Sources */ = {isa = PBXBuildFile; fileRef = C440A2A6211F46C80024ADFF /* AppDelegate.swift */; };
		C440A2A9211F46C80024ADFF /* ViewController.swift in Sources */ = {isa = PBXBuildFile; fileRef = C440A2A8211F46C80024ADFF /* ViewController.swift */; };
		C440A2AC211F46C80024ADFF /* Main.storyboard in Resources */ = {isa = PBXBuildFile; fileRef = C440A2AA211F46C80024ADFF /* Main.storyboard */; };
		C440A2AE211F46D00024ADFF /* Assets.xcassets in Resources */ = {isa = PBXBuildFile; fileRef = C440A2AD211F46D00024ADFF /* Assets.xcassets */; };
		C440A2B1211F46D00024ADFF /* LaunchScreen.storyboard in Resources */ = {isa = PBXBuildFile; fileRef = C440A2AF211F46D00024ADFF /* LaunchScreen.storyboard */; };
/* End PBXBuildFile section */

/* Begin PBXFileReference section */
		C440A2A3211F46C80024ADFF /* Nerdy-Quiz-final.app */ = {isa = PBXFileReference; explicitFileType = wrapper.application; includeInIndex = 0; path = "Nerdy-Quiz-final.app"; sourceTree = BUILT_PRODUCTS_DIR; };
		C440A2A6211F46C80024ADFF /* AppDelegate.swift */ = {isa = PBXFileReference; lastKnownFileType = sourcecode.swift; path = AppDelegate.swift; sourceTree = "<group>"; };
		C440A2A8211F46C80024ADFF /* ViewController.swift */ = {isa = PBXFileReference; lastKnownFileType = sourcecode.swift; path = ViewController.swift; sourceTree = "<group>"; };
		C440A2AB211F46C80024ADFF /* Base */ = {isa = PBXFileReference; lastKnownFileType = file.storyboard; name = Base; path = Base.lproj/Main.storyboard; sourceTree = "<group>"; };
		C440A2AD211F46D00024ADFF /* Assets.xcassets */ = {isa = PBXFileReference; lastKnownFileType = folder.assetcatalog; path = Assets.xcassets; sourceTree = "<group>"; };
		C440A2B0211F46D00024ADFF /* Base */ = {isa = PBXFileReference; lastKnownFileType = file.storyboard; name = Base; path = Base.lproj/LaunchScreen.storyboard; sourceTree = "<group>"; };
		C440A2B2211F46D00024ADFF /* Info.plist */ = {isa = PBXFileReference; lastKnownFileType = text.plist.xml; path = Info.plist; sourceTree = "<group>"; };
/* End PBXFileReference section */

/* Begin PBXFrameworksBuildPhase section */
		C440A2A0211F46C80024ADFF /* Frameworks */ = {
			isa = PBXFrameworksBuildPhase;
			buildActionMask = 2147483647;
			files = (
			);
			runOnlyForDeploymentPostprocessing = 0;
		};
/* End PBXFrameworksBuildPhase section */

/* Begin PBXGroup section */
		C440A29A211F46C80024ADFF = {
			isa = PBXGroup;
			children = (
				C440A2A5211F46C80024ADFF /* Nerdy-Quiz-final */,
				C440A2A4211F46C80024ADFF /* Products */,
			);
			sourceTree = "<group>";
		};
		C440A2A4211F46C80024ADFF /* Products */ = {
			isa = PBXGroup;
			children = (
				C440A2A3211F46C80024ADFF /* Nerdy-Quiz-final.app */,
			);
			name = Products;
			sourceTree = "<group>";
		};
		C440A2A5211F46C80024ADFF /* Nerdy-Quiz-final */ = {
			isa = PBXGroup;
			children = (
				C440A2A6211F46C80024ADFF /* AppDelegate.swift */,
				C440A2A8211F46C80024ADFF /* ViewController.swift */,
				C440A2AA211F46C80024ADFF /* Main.storyboard */,
				C440A2AD211F46D00024ADFF /* Assets.xcassets */,
				C440A2AF211F46D00024ADFF /* LaunchScreen.storyboard */,
				C440A2B2211F46D00024ADFF /* Info.plist */,
			);
			path = "Nerdy-Quiz-final";
			sourceTree = "<group>";
		};
/* End PBXGroup section */

/* Begin PBXNativeTarget section */
		C440A2A2211F46C80024ADFF /* Nerdy-Quiz-final */ = {
			isa = PBXNativeTarget;
			buildConfigurationList = C440A2B5211F46D00024ADFF /* Build configuration list for PBXNativeTarget "Nerdy-Quiz-final" */;
			buildPhases = (
				C440A29F211F46C80024ADFF /* Sources */,
				C440A2A0211F46C80024ADFF /* Frameworks */,
				C440A2A1211F46C80024ADFF /* Resources */,
			);
			buildRules = (
			);
			dependencies = (
			);
			name = "Nerdy-Quiz-final";
			productName = "Nerdy-Quiz-final";
			productReference = C440A2A3211F46C80024ADFF /* Nerdy-Quiz-final.app */;
			productType = "com.apple.product-type.application";
		};
/* End PBXNativeTarget section */

/* Begin PBXProject section */
		C440A29B211F46C80024ADFF /* Project object */ = {
			isa = PBXProject;
			attributes = {
				LastSwiftUpdateCheck = 1000;
				LastUpgradeCheck = 1000;
				ORGANIZATIONNAME = "Mensah Shadrach";
				TargetAttributes = {
					C440A2A2211F46C80024ADFF = {
						CreatedOnToolsVersion = 10.0;
					};
				};
			};
			buildConfigurationList = C440A29E211F46C80024ADFF /* Build configuration list for PBXProject "Nerdy-Quiz-final" */;
			compatibilityVersion = "Xcode 9.3";
			developmentRegion = en;
			hasScannedForEncodings = 0;
			knownRegions = (
				en,
				Base,
			);
			mainGroup = C440A29A211F46C80024ADFF;
			productRefGroup = C440A2A4211F46C80024ADFF /* Products */;
			projectDirPath = "";
			projectRoot = "";
			targets = (
				C440A2A2211F46C80024ADFF /* Nerdy-Quiz-final */,
			);
		};
/* End PBXProject section */

/* Begin PBXResourcesBuildPhase section */
		C440A2A1211F46C80024ADFF /* Resources */ = {
			isa = PBXResourcesBuildPhase;
			buildActionMask = 2147483647;
			files = (
				C440A2B1211F46D00024ADFF /* LaunchScreen.storyboard in Resources */,
				C440A2AE211F46D00024ADFF /* Assets.xcassets in Resources */,
				C440A2AC211F46C80024ADFF /* Main.storyboard in Resources */,
			);
			runOnlyForDeploymentPostprocessing = 0;
		};
/* End PBXResourcesBuildPhase section */

/* Begin PBXSourcesBuildPhase section */
		C440A29F211F46C80024ADFF /* Sources */ = {
			isa = PBXSourcesBuildPhase;
			buildActionMask = 2147483647;
			files = (
				C440A2A9211F46C80024ADFF /* ViewController.swift in Sources */,
				C440A2A7211F46C80024ADFF /* AppDelegate.swift in Sources */,
			);
			runOnlyForDeploymentPostprocessing = 0;
		};
/* End PBXSourcesBuildPhase section */

/* Begin PBXVariantGroup section */
		C440A2AA211F46C80024ADFF /* Main.storyboard */ = {
			isa = PBXVariantGroup;
			children = (
				C440A2AB211F46C80024ADFF /* Base */,
			);
			name = Main.storyboard;
			sourceTree = "<group>";
		};
		C440A2AF211F46D00024ADFF /* LaunchScreen.storyboard */ = {
			isa = PBXVariantGroup;
			children = (
				C440A2B0211F46D00024ADFF /* Base */,
			);
			name = LaunchScreen.storyboard;
			sourceTree = "<group>";
		};
/* End PBXVariantGroup section */

/* Begin XCBuildConfiguration section */
		C440A2B3211F46D00024ADFF /* Debug */ = {
			isa = XCBuildConfiguration;
			buildSettings = {
				ALWAYS_SEARCH_USER_PATHS = NO;
				CLANG_ANALYZER_NONNULL = YES;
				CLANG_ANALYZER_NUMBER_OBJECT_CONVERSION = YES_AGGRESSIVE;
				CLANG_CXX_LANGUAGE_STANDARD = "gnu++14";
				CLANG_CXX_LIBRARY = "libc++";
				CLANG_ENABLE_MODULES = YES;
				CLANG_ENABLE_OBJC_ARC = YES;
				CLANG_ENABLE_OBJC_WEAK = YES;
				CLANG_WARN_BLOCK_CAPTURE_AUTORELEASING = YES;
				CLANG_WARN_BOOL_CONVERSION = YES;
				CLANG_WARN_COMMA = YES;
				CLANG_WARN_CONSTANT_CONVERSION = YES;
				CLANG_WARN_DEPRECATED_OBJC_IMPLEMENTATIONS = YES;
				CLANG_WARN_DIRECT_OBJC_ISA_USAGE = YES_ERROR;
				CLANG_WARN_DOCUMENTATION_COMMENTS = YES;
				CLANG_WARN_EMPTY_BODY = YES;
				CLANG_WARN_ENUM_CONVERSION = YES;
				CLANG_WARN_INFINITE_RECURSION = YES;
				CLANG_WARN_INT_CONVERSION = YES;
				CLANG_WARN_NON_LITERAL_NULL_CONVERSION = YES;
				CLANG_WARN_OBJC_IMPLICIT_RETAIN_SELF = YES;
				CLANG_WARN_OBJC_LITERAL_CONVERSION = YES;
				CLANG_WARN_OBJC_ROOT_CLASS = YES_ERROR;
				CLANG_WARN_RANGE_LOOP_ANALYSIS = YES;
				CLANG_WARN_STRICT_PROTOTYPES = YES;
				CLANG_WARN_SUSPICIOUS_MOVE = YES;
				CLANG_WARN_UNGUARDED_AVAILABILITY = YES_AGGRESSIVE;
				CLANG_WARN_UNREACHABLE_CODE = YES;
				CLANG_WARN__DUPLICATE_METHOD_MATCH = YES;
				CODE_SIGN_IDENTITY = "iPhone Developer";
				COPY_PHASE_STRIP = NO;
				DEBUG_INFORMATION_FORMAT = dwarf;
				ENABLE_STRICT_OBJC_MSGSEND = YES;
				ENABLE_TESTABILITY = YES;
				GCC_C_LANGUAGE_STANDARD = gnu11;
				GCC_DYNAMIC_NO_PIC = NO;
				GCC_NO_COMMON_BLOCKS = YES;
				GCC_OPTIMIZATION_LEVEL = 0;
				GCC_PREPROCESSOR_DEFINITIONS = (
					"DEBUG=1",
					"$(inherited)",
				);
				GCC_WARN_64_TO_32_BIT_CONVERSION = YES;
				GCC_WARN_ABOUT_RETURN_TYPE = YES_ERROR;
				GCC_WARN_UNDECLARED_SELECTOR = YES;
				GCC_WARN_UNINITIALIZED_AUTOS = YES_AGGRESSIVE;
				GCC_WARN_UNUSED_FUNCTION = YES;
				GCC_WARN_UNUSED_VARIABLE = YES;
				IPHONEOS_DEPLOYMENT_TARGET = 12.0;
				MTL_ENABLE_DEBUG_INFO = INCLUDE_SOURCE;
				ONLY_ACTIVE_ARCH = YES;
				SDKROOT = iphoneos;
				SWIFT_ACTIVE_COMPILATION_CONDITIONS = DEBUG;
				SWIFT_OPTIMIZATION_LEVEL = "-Onone";
			};
			name = Debug;
		};
		C440A2B4211F46D00024ADFF /* Release */ = {
			isa = XCBuildConfiguration;
			buildSettings = {
				ALWAYS_SEARCH_USER_PATHS = NO;
				CLANG_ANALYZER_NONNULL = YES;
				CLANG_ANALYZER_NUMBER_OBJECT_CONVERSION = YES_AGGRESSIVE;
				CLANG_CXX_LANGUAGE_STANDARD = "gnu++14";
				CLANG_CXX_LIBRARY = "libc++";
				CLANG_ENABLE_MODULES = YES;
				CLANG_ENABLE_OBJC_ARC = YES;
				CLANG_ENABLE_OBJC_WEAK = YES;
				CLANG_WARN_BLOCK_CAPTURE_AUTORELEASING = YES;
				CLANG_WARN_BOOL_CONVERSION = YES;
				CLANG_WARN_COMMA = YES;
				CLANG_WARN_CONSTANT_CONVERSION = YES;
				CLANG_WARN_DEPRECATED_OBJC_IMPLEMENTATIONS = YES;
				CLANG_WARN_DIRECT_OBJC_ISA_USAGE = YES_ERROR;
				CLANG_WARN_DOCUMENTATION_COMMENTS = YES;
				CLANG_WARN_EMPTY_BODY = YES;
				CLANG_WARN_ENUM_CONVERSION = YES;
				CLANG_WARN_INFINITE_RECURSION = YES;
				CLANG_WARN_INT_CONVERSION = YES;
				CLANG_WARN_NON_LITERAL_NULL_CONVERSION = YES;
				CLANG_WARN_OBJC_IMPLICIT_RETAIN_SELF = YES;
				CLANG_WARN_OBJC_LITERAL_CONVERSION = YES;
				CLANG_WARN_OBJC_ROOT_CLASS = YES_ERROR;
				CLANG_WARN_RANGE_LOOP_ANALYSIS = YES;
				CLANG_WARN_STRICT_PROTOTYPES = YES;
				CLANG_WARN_SUSPICIOUS_MOVE = YES;
				CLANG_WARN_UNGUARDED_AVAILABILITY = YES_AGGRESSIVE;
				CLANG_WARN_UNREACHABLE_CODE = YES;
				CLANG_WARN__DUPLICATE_METHOD_MATCH = YES;
				CODE_SIGN_IDENTITY = "iPhone Developer";
				COPY_PHASE_STRIP = NO;
				DEBUG_INFORMATION_FORMAT = "dwarf-with-dsym";
				ENABLE_NS_ASSERTIONS = NO;
				ENABLE_STRICT_OBJC_MSGSEND = YES;
				GCC_C_LANGUAGE_STANDARD = gnu11;
				GCC_NO_COMMON_BLOCKS = YES;
				GCC_WARN_64_TO_32_BIT_CONVERSION = YES;
				GCC_WARN_ABOUT_RETURN_TYPE = YES_ERROR;
				GCC_WARN_UNDECLARED_SELECTOR = YES;
				GCC_WARN_UNINITIALIZED_AUTOS = YES_AGGRESSIVE;
				GCC_WARN_UNUSED_FUNCTION = YES;
				GCC_WARN_UNUSED_VARIABLE = YES;
				IPHONEOS_DEPLOYMENT_TARGET = 12.0;
				MTL_ENABLE_DEBUG_INFO = NO;
				SDKROOT = iphoneos;
				SWIFT_COMPILATION_MODE = wholemodule;
				SWIFT_OPTIMIZATION_LEVEL = "-O";
				VALIDATE_PRODUCT = YES;
			};
			name = Release;
		};
		C440A2B6211F46D00024ADFF /* Debug */ = {
			isa = XCBuildConfiguration;
			buildSettings = {
				ASSETCATALOG_COMPILER_APPICON_NAME = AppIcon;
				CODE_SIGN_STYLE = Automatic;
				DEVELOPMENT_TEAM = MB46J93Q7Z;
				INFOPLIST_FILE = "Nerdy-Quiz-final/Info.plist";
				LD_RUNPATH_SEARCH_PATHS = (
					"$(inherited)",
					"@executable_path/Frameworks",
				);
				PRODUCT_BUNDLE_IDENTIFIER = "net.codesworth.Nerdy-Quiz-final";
				PRODUCT_NAME = "$(TARGET_NAME)";
				SWIFT_VERSION = 4.2;
				TARGETED_DEVICE_FAMILY = "1,2";
			};
			name = Debug;
		};
		C440A2B7211F46D00024ADFF /* Release */ = {
			isa = XCBuildConfiguration;
			buildSettings = {
				ASSETCATALOG_COMPILER_APPICON_NAME = AppIcon;
				CODE_SIGN_STYLE = Automatic;
				DEVELOPMENT_TEAM = MB46J93Q7Z;
				INFOPLIST_FILE = "Nerdy-Quiz-final/Info.plist";
				LD_RUNPATH_SEARCH_PATHS = (
					"$(inherited)",
					"@executable_path/Frameworks",
				);
				PRODUCT_BUNDLE_IDENTIFIER = "net.codesworth.Nerdy-Quiz-final";
				PRODUCT_NAME = "$(TARGET_NAME)";
				SWIFT_VERSION = 4.2;
				TARGETED_DEVICE_FAMILY = "1,2";
			};
			name = Release;
		};
/* End XCBuildConfiguration section */

/* Begin XCConfigurationList section */
		C440A29E211F46C80024ADFF /* Build configuration list for PBXProject "Nerdy-Quiz-final" */ = {
			isa = XCConfigurationList;
			buildConfigurations = (
				C440A2B3211F46D00024ADFF /* Debug */,
				C440A2B4211F46D00024ADFF /* Release */,
			);
			defaultConfigurationIsVisible = 0;
			defaultConfigurationName = Release;
		};
		C440A2B5211F46D00024ADFF /* Build configuration list for PBXNativeTarget "Nerdy-Quiz-final" */ = {
			isa = XCConfigurationList;
			buildConfigurations = (
				C440A2B6211F46D00024ADFF /* Debug */,
				C440A2B7211F46D00024ADFF /* Release */,
			);
			defaultConfigurationIsVisible = 0;
			defaultConfigurationName = Release;
		};
/* End XCConfigurationList section */
	};
	rootObject = C440A29B211F46C80024ADFF /* Project object */;
}
